
Microsoft Visual Studio Solution File, Format Version 12.00
# Visual Studio Version 17
VisualStudioVersion = 17.13.35931.197 d17.13
MinimumVisualStudioVersion = 10.0.40219.1
Project("{FAE04EC0-301F-11D3-BF4B-00C04F79EFBC}") = "Ejemplo 1", "Ejemplo 1\Ejemplo 1.csproj", "{85EAF23F-A952-4692-83EA-B40EAD62D58B}"
EndProject
Global
	GlobalSection(SolutionConfigurationPlatforms) = preSolution
		Debug|Any CPU = Debug|Any CPU
		Release|Any CPU = Release|Any CPU
	EndGlobalSection
	GlobalSection(ProjectConfigurationPlatforms) = postSolution
		{85EAF23F-A952-4692-83EA-B40EAD62D58B}.Debug|Any CPU.ActiveCfg = Debug|Any CPU
		{85EAF23F-A952-4692-83EA-B40EAD62D58B}.Debug|Any CPU.Build.0 = Debug|Any CPU
		{85EAF23F-A952-4692-83EA-B40EAD62D58B}.Release|Any CPU.ActiveCfg = Release|Any CPU
		{85EAF23F-A952-4692-83EA-B40EAD62D58B}.Release|Any CPU.Build.0 = Release|Any CPU
	EndGlobalSection
	GlobalSection(SolutionProperties) = preSolution
		HideSolutionNode = FALSE
	EndGlobalSection
	GlobalSection(ExtensibilityGlobals) = postSolution
		SolutionGuid = {A287DAE4-CBDF-48A6-94C6-F3F98D69E4B5}
	EndGlobalSection
EndGlobal
